// !$*UTF8*$!
{
	archiveVersion = 1;
	classes = {
	};
	objectVersion = 50;
	objects = {

/* Begin PBXBuildFile section */
		15CBF4102430A3D500B1E6DC /* AppDelegate.swift in Sources */ = {isa = PBXBuildFile; fileRef = 15CBF40F2430A3D500B1E6DC /* AppDelegate.swift */; };
		15CBF4122430A3D500B1E6DC /* SceneDelegate.swift in Sources */ = {isa = PBXBuildFile; fileRef = 15CBF4112430A3D500B1E6DC /* SceneDelegate.swift */; };
		15CBF4142430A3D500B1E6DC /* ViewController.swift in Sources */ = {isa = PBXBuildFile; fileRef = 15CBF4132430A3D500B1E6DC /* ViewController.swift */; };
		15CBF4172430A3D500B1E6DC /* Main.storyboard in Resources */ = {isa = PBXBuildFile; fileRef = 15CBF4152430A3D500B1E6DC /* Main.storyboard */; };
		15CBF4192430A3D600B1E6DC /* Assets.xcassets in Resources */ = {isa = PBXBuildFile; fileRef = 15CBF4182430A3D600B1E6DC /* Assets.xcassets */; };
		15CBF41C2430A3D600B1E6DC /* LaunchScreen.storyboard in Resources */ = {isa = PBXBuildFile; fileRef = 15CBF41A2430A3D600B1E6DC /* LaunchScreen.storyboard */; };
/* End PBXBuildFile section */

/* Begin PBXFileReference section */
		15CBF40C2430A3D500B1E6DC /* Mediator-UIKit.app */ = {isa = PBXFileReference; explicitFileType = wrapper.application; includeInIndex = 0; path = "Mediator-UIKit.app"; sourceTree = BUILT_PRODUCTS_DIR; };
		15CBF40F2430A3D500B1E6DC /* AppDelegate.swift */ = {isa = PBXFileReference; lastKnownFileType = sourcecode.swift; path = AppDelegate.swift; sourceTree = "<group>"; };
		15CBF4112430A3D500B1E6DC /* SceneDelegate.swift */ = {isa = PBXFileReference; lastKnownFileType = sourcecode.swift; path = SceneDelegate.swift; sourceTree = "<group>"; };
		15CBF4132430A3D500B1E6DC /* ViewController.swift */ = {isa = PBXFileReference; lastKnownFileType = sourcecode.swift; path = ViewController.swift; sourceTree = "<group>"; };
		15CBF4162430A3D500B1E6DC /* Base */ = {isa = PBXFileReference; lastKnownFileType = file.storyboard; name = Base; path = Base.lproj/Main.storyboard; sourceTree = "<group>"; };
		15CBF4182430A3D600B1E6DC /* Assets.xcassets */ = {isa = PBXFileReference; lastKnownFileType = folder.assetcatalog; path = Assets.xcassets; sourceTree = "<group>"; };
		15CBF41B2430A3D600B1E6DC /* Base */ = {isa = PBXFileReference; lastKnownFileType = file.storyboard; name = Base; path = Base.lproj/LaunchScreen.storyboard; sourceTree = "<group>"; };
		15CBF41D2430A3D600B1E6DC /* Info.plist */ = {isa = PBXFileReference; lastKnownFileType = text.plist.xml; path = Info.plist; sourceTree = "<group>"; };
/* End PBXFileReference section */

/* Begin PBXFrameworksBuildPhase section */
		15CBF4092430A3D500B1E6DC /* Frameworks */ = {
			isa = PBXFrameworksBuildPhase;
			buildActionMask = 2147483647;
			files = (
			);
			runOnlyForDeploymentPostprocessing = 0;
		};
/* End PBXFrameworksBuildPhase section */

/* Begin PBXGroup section */
		15CBF4032430A3D500B1E6DC = {
			isa = PBXGroup;
			children = (
				15CBF40E2430A3D500B1E6DC /* Mediator-UIKit */,
				15CBF40D2430A3D500B1E6DC /* Products */,
			);
			sourceTree = "<group>";
		};
		15CBF40D2430A3D500B1E6DC /* Products */ = {
			isa = PBXGroup;
			children = (
				15CBF40C2430A3D500B1E6DC /* Mediator-UIKit.app */,
			);
			name = Products;
			sourceTree = "<group>";
		};
		15CBF40E2430A3D500B1E6DC /* Mediator-UIKit */ = {
			isa = PBXGroup;
			children = (
				15CBF40F2430A3D500B1E6DC /* AppDelegate.swift */,
				15CBF4112430A3D500B1E6DC /* SceneDelegate.swift */,
				15CBF4132430A3D500B1E6DC /* ViewController.swift */,
				15CBF4152430A3D500B1E6DC /* Main.storyboard */,
				15CBF4182430A3D600B1E6DC /* Assets.xcassets */,
				15CBF41A2430A3D600B1E6DC /* LaunchScreen.storyboard */,
				15CBF41D2430A3D600B1E6DC /* Info.plist */,
			);
			path = "Mediator-UIKit";
			sourceTree = "<group>";
		};
/* End PBXGroup section */

/* Begin PBXNativeTarget section */
		15CBF40B2430A3D500B1E6DC /* Mediator-UIKit */ = {
			isa = PBXNativeTarget;
			buildConfigurationList = 15CBF4202430A3D600B1E6DC /* Build configuration list for PBXNativeTarget "Mediator-UIKit" */;
			buildPhases = (
				15CBF4082430A3D500B1E6DC /* Sources */,
				15CBF4092430A3D500B1E6DC /* Frameworks */,
				15CBF40A2430A3D500B1E6DC /* Resources */,
			);
			buildRules = (
			);
			dependencies = (
			);
			name = "Mediator-UIKit";
			productName = "Mediator-UIKit";
			productReference = 15CBF40C2430A3D500B1E6DC /* Mediator-UIKit.app */;
			productType = "com.apple.product-type.application";
		};
/* End PBXNativeTarget section */

/* Begin PBXProject section */
		15CBF4042430A3D500B1E6DC /* Project object */ = {
			isa = PBXProject;
			attributes = {
				LastSwiftUpdateCheck = 1140;
				LastUpgradeCheck = 1140;
				ORGANIZATIONNAME = "Mikiya Abe";
				TargetAttributes = {
					15CBF40B2430A3D500B1E6DC = {
						CreatedOnToolsVersion = 11.4;
					};
				};
			};
			buildConfigurationList = 15CBF4072430A3D500B1E6DC /* Build configuration list for PBXProject "Mediator-UIKit" */;
			compatibilityVersion = "Xcode 9.3";
			developmentRegion = en;
			hasScannedForEncodings = 0;
			knownRegions = (
				en,
				Base,
			);
			mainGroup = 15CBF4032430A3D500B1E6DC;
			productRefGroup = 15CBF40D2430A3D500B1E6DC /* Products */;
			projectDirPath = "";
			projectRoot = "";
			targets = (
				15CBF40B2430A3D500B1E6DC /* Mediator-UIKit */,
			);
		};
/* End PBXProject section */

/* Begin PBXResourcesBuildPhase section */
		15CBF40A2430A3D500B1E6DC /* Resources */ = {
			isa = PBXResourcesBuildPhase;
			buildActionMask = 2147483647;
			files = (
				15CBF41C2430A3D600B1E6DC /* LaunchScreen.storyboard in Resources */,
				15CBF4192430A3D600B1E6DC /* Assets.xcassets in Resources */,
				15CBF4172430A3D500B1E6DC /* Main.storyboard in Resources */,
			);
			runOnlyForDeploymentPostprocessing = 0;
		};
/* End PBXResourcesBuildPhase section */

/* Begin PBXSourcesBuildPhase section */
		15CBF4082430A3D500B1E6DC /* Sources */ = {
			isa = PBXSourcesBuildPhase;
			buildActionMask = 2147483647;
			files = (
				15CBF4142430A3D500B1E6DC /* ViewController.swift in Sources */,
				15CBF4102430A3D500B1E6DC /* AppDelegate.swift in Sources */,
				15CBF4122430A3D500B1E6DC /* SceneDelegate.swift in Sources */,
			);
			runOnlyForDeploymentPostprocessing = 0;
		};
/* End PBXSourcesBuildPhase section */

/* Begin PBXVariantGroup section */
		15CBF4152430A3D500B1E6DC /* Main.storyboard */ = {
			isa = PBXVariantGroup;
			children = (
				15CBF4162430A3D500B1E6DC /* Base */,
			);
			name = Main.storyboard;
			sourceTree = "<group>";
		};
		15CBF41A2430A3D600B1E6DC /* LaunchScreen.storyboard */ = {
			isa = PBXVariantGroup;
			children = (
				15CBF41B2430A3D600B1E6DC /* Base */,
			);
			name = LaunchScreen.storyboard;
			sourceTree = "<group>";
		};
/* End PBXVariantGroup section */

/* Begin XCBuildConfiguration section */
		15CBF41E2430A3D600B1E6DC /* Debug */ = {
			isa = XCBuildConfiguration;
			buildSettings = {
				ALWAYS_SEARCH_USER_PATHS = NO;
				CLANG_ANALYZER_NONNULL = YES;
				CLANG_ANALYZER_NUMBER_OBJECT_CONVERSION = YES_AGGRESSIVE;
				CLANG_CXX_LANGUAGE_STANDARD = "gnu++14";
				CLANG_CXX_LIBRARY = "libc++";
				CLANG_ENABLE_MODULES = YES;
				CLANG_ENABLE_OBJC_ARC = YES;
				CLANG_ENABLE_OBJC_WEAK = YES;
				CLANG_WARN_BLOCK_CAPTURE_AUTORELEASING = YES;
				CLANG_WARN_BOOL_CONVERSION = YES;
				CLANG_WARN_COMMA = YES;
				CLANG_WARN_CONSTANT_CONVERSION = YES;
				CLANG_WARN_DEPRECATED_OBJC_IMPLEMENTATIONS = YES;
				CLANG_WARN_DIRECT_OBJC_ISA_USAGE = YES_ERROR;
				CLANG_WARN_DOCUMENTATION_COMMENTS = YES;
				CLANG_WARN_EMPTY_BODY = YES;
				CLANG_WARN_ENUM_CONVERSION = YES;
				CLANG_WARN_INFINITE_RECURSION = YES;
				CLANG_WARN_INT_CONVERSION = YES;
				CLANG_WARN_NON_LITERAL_NULL_CONVERSION = YES;
				CLANG_WARN_OBJC_IMPLICIT_RETAIN_SELF = YES;
				CLANG_WARN_OBJC_LITERAL_CONVERSION = YES;
				CLANG_WARN_OBJC_ROOT_CLASS = YES_ERROR;
				CLANG_WARN_RANGE_LOOP_ANALYSIS = YES;
				CLANG_WARN_STRICT_PROTOTYPES = YES;
				CLANG_WARN_SUSPICIOUS_MOVE = YES;
				CLANG_WARN_UNGUARDED_AVAILABILITY = YES_AGGRESSIVE;
				CLANG_WARN_UNREACHABLE_CODE = YES;
				CLANG_WARN__DUPLICATE_METHOD_MATCH = YES;
				COPY_PHASE_STRIP = NO;
				DEBUG_INFORMATION_FORMAT = dwarf;
				ENABLE_STRICT_OBJC_MSGSEND = YES;
				ENABLE_TESTABILITY = YES;
				GCC_C_LANGUAGE_STANDARD = gnu11;
				GCC_DYNAMIC_NO_PIC = NO;
				GCC_NO_COMMON_BLOCKS = YES;
				GCC_OPTIMIZATION_LEVEL = 0;
				GCC_PREPROCESSOR_DEFINITIONS = (
					"DEBUG=1",
					"$(inherited)",
				);
				GCC_WARN_64_TO_32_BIT_CONVERSION = YES;
				GCC_WARN_ABOUT_RETURN_TYPE = YES_ERROR;
				GCC_WARN_UNDECLARED_SELECTOR = YES;
				GCC_WARN_UNINITIALIZED_AUTOS = YES_AGGRESSIVE;
				GCC_WARN_UNUSED_FUNCTION = YES;
				GCC_WARN_UNUSED_VARIABLE = YES;
				IPHONEOS_DEPLOYMENT_TARGET = 13.4;
				MTL_ENABLE_DEBUG_INFO = INCLUDE_SOURCE;
				MTL_FAST_MATH = YES;
				ONLY_ACTIVE_ARCH = YES;
				SDKROOT = iphoneos;
				SWIFT_ACTIVE_COMPILATION_CONDITIONS = DEBUG;
				SWIFT_OPTIMIZATION_LEVEL = "-Onone";
			};
			name = Debug;
		};
		15CBF41F2430A3D600B1E6DC /* Release */ = {
			isa = XCBuildConfiguration;
			buildSettings = {
				ALWAYS_SEARCH_USER_PATHS = NO;
				CLANG_ANALYZER_NONNULL = YES;
				CLANG_ANALYZER_NUMBER_OBJECT_CONVERSION = YES_AGGRESSIVE;
				CLANG_CXX_LANGUAGE_STANDARD = "gnu++14";
				CLANG_CXX_LIBRARY = "libc++";
				CLANG_ENABLE_MODULES = YES;
				CLANG_ENABLE_OBJC_ARC = YES;
				CLANG_ENABLE_OBJC_WEAK = YES;
				CLANG_WARN_BLOCK_CAPTURE_AUTORELEASING = YES;
				CLANG_WARN_BOOL_CONVERSION = YES;
				CLANG_WARN_COMMA = YES;
				CLANG_WARN_CONSTANT_CONVERSION = YES;
				CLANG_WARN_DEPRECATED_OBJC_IMPLEMENTATIONS = YES;
				CLANG_WARN_DIRECT_OBJC_ISA_USAGE = YES_ERROR;
				CLANG_WARN_DOCUMENTATION_COMMENTS = YES;
				CLANG_WARN_EMPTY_BODY = YES;
				CLANG_WARN_ENUM_CONVERSION = YES;
				CLANG_WARN_INFINITE_RECURSION = YES;
				CLANG_WARN_INT_CONVERSION = YES;
				CLANG_WARN_NON_LITERAL_NULL_CONVERSION = YES;
				CLANG_WARN_OBJC_IMPLICIT_RETAIN_SELF = YES;
				CLANG_WARN_OBJC_LITERAL_CONVERSION = YES;
				CLANG_WARN_OBJC_ROOT_CLASS = YES_ERROR;
				CLANG_WARN_RANGE_LOOP_ANALYSIS = YES;
				CLANG_WARN_STRICT_PROTOTYPES = YES;
				CLANG_WARN_SUSPICIOUS_MOVE = YES;
				CLANG_WARN_UNGUARDED_AVAILABILITY = YES_AGGRESSIVE;
				CLANG_WARN_UNREACHABLE_CODE = YES;
				CLANG_WARN__DUPLICATE_METHOD_MATCH = YES;
				COPY_PHASE_STRIP = NO;
				DEBUG_INFORMATION_FORMAT = "dwarf-with-dsym";
				ENABLE_NS_ASSERTIONS = NO;
				ENABLE_STRICT_OBJC_MSGSEND = YES;
				GCC_C_LANGUAGE_STANDARD = gnu11;
				GCC_NO_COMMON_BLOCKS = YES;
				GCC_WARN_64_TO_32_BIT_CONVERSION = YES;
				GCC_WARN_ABOUT_RETURN_TYPE = YES_ERROR;
				GCC_WARN_UNDECLARED_SELECTOR = YES;
				GCC_WARN_UNINITIALIZED_AUTOS = YES_AGGRESSIVE;
				GCC_WARN_UNUSED_FUNCTION = YES;
				GCC_WARN_UNUSED_VARIABLE = YES;
				IPHONEOS_DEPLOYMENT_TARGET = 13.4;
				MTL_ENABLE_DEBUG_INFO = NO;
				MTL_FAST_MATH = YES;
				SDKROOT = iphoneos;
				SWIFT_COMPILATION_MODE = wholemodule;
				SWIFT_OPTIMIZATION_LEVEL = "-O";
				VALIDATE_PRODUCT = YES;
			};
			name = Release;
		};
		15CBF4212430A3D600B1E6DC /* Debug */ = {
			isa = XCBuildConfiguration;
			buildSettings = {
				ASSETCATALOG_COMPILER_APPICON_NAME = AppIcon;
				CODE_SIGN_STYLE = Automatic;
				DEVELOPMENT_TEAM = 3V7GGDY985;
				INFOPLIST_FILE = "Mediator-UIKit/Info.plist";
				LD_RUNPATH_SEARCH_PATHS = (
					"$(inherited)",
					"@executable_path/Frameworks",
				);
				PRODUCT_BUNDLE_IDENTIFIER = "com.github.struuuuggle.Mediator-UIKit";
				PRODUCT_NAME = "$(TARGET_NAME)";
				SWIFT_VERSION = 5.0;
				TARGETED_DEVICE_FAMILY = "1,2";
			};
			name = Debug;
		};
		15CBF4222430A3D600B1E6DC /* Release */ = {
			isa = XCBuildConfiguration;
			buildSettings = {
				ASSETCATALOG_COMPILER_APPICON_NAME = AppIcon;
				CODE_SIGN_STYLE = Automatic;
				DEVELOPMENT_TEAM = 3V7GGDY985;
				INFOPLIST_FILE = "Mediator-UIKit/Info.plist";
				LD_RUNPATH_SEARCH_PATHS = (
					"$(inherited)",
					"@executable_path/Frameworks",
				);
				PRODUCT_BUNDLE_IDENTIFIER = "com.github.struuuuggle.Mediator-UIKit";
				PRODUCT_NAME = "$(TARGET_NAME)";
				SWIFT_VERSION = 5.0;
				TARGETED_DEVICE_FAMILY = "1,2";
			};
			name = Release;
		};
/* End XCBuildConfiguration section */

/* Begin XCConfigurationList section */
		15CBF4072430A3D500B1E6DC /* Build configuration list for PBXProject "Mediator-UIKit" */ = {
			isa = XCConfigurationList;
			buildConfigurations = (
				15CBF41E2430A3D600B1E6DC /* Debug */,
				15CBF41F2430A3D600B1E6DC /* Release */,
			);
			defaultConfigurationIsVisible = 0;
			defaultConfigurationName = Release;
		};
		15CBF4202430A3D600B1E6DC /* Build configuration list for PBXNativeTarget "Mediator-UIKit" */ = {
			isa = XCConfigurationList;
			buildConfigurations = (
				15CBF4212430A3D600B1E6DC /* Debug */,
				15CBF4222430A3D600B1E6DC /* Release */,
			);
			defaultConfigurationIsVisible = 0;
			defaultConfigurationName = Release;
		};
/* End XCConfigurationList section */
	};
	rootObject = 15CBF4042430A3D500B1E6DC /* Project object */;
}
